
Microsoft Visual Studio Solution File, Format Version 12.00
Project("{2150E333-8FDC-42A3-9474-1A3956D46DE8}") = "Services", "Services", "{90B7F472-B659-47EA-BE74-06E7E0BFC616}"
EndProject
Project("{2150E333-8FDC-42A3-9474-1A3956D46DE8}") = "Infrastructure", "Infrastructure", "{C77B2BAC-7F15-46B3-8EAB-DBF055A5CD42}"
EndProject
Project("{2150E333-8FDC-42A3-9474-1A3956D46DE8}") = "Domain", "Domain", "{5BE282EF-DF27-4282-B363-BAB7651884E9}"
EndProject
Project("{FAE04EC0-301F-11D3-BF4B-00C04F79EFBC}") = "Domain", "Domain\Domain.csproj", "{48FEC22B-1100-4A99-BACD-7459ACED0DF3}"
EndProject
Project("{FAE04EC0-301F-11D3-BF4B-00C04F79EFBC}") = "DataAccess", "DataAccess\DataAccess.csproj", "{D27DF9E3-EC1E-49B0-B802-9EFA4F9F95FD}"
EndProject
Project("{FAE04EC0-301F-11D3-BF4B-00C04F79EFBC}") = "WebApi", "WebApi\WebApi.csproj", "{95C52EBF-0CE6-424F-BF9F-068F782D8C7A}"
EndProject
Project("{FAE04EC0-301F-11D3-BF4B-00C04F79EFBC}") = "Firebase.Auth", "Firebase.Auth\Firebase.Auth.csproj", "{0CB37A34-9EC4-4F83-9E83-4857D731D0FB}"
EndProject
Project("{2150E333-8FDC-42A3-9474-1A3956D46DE8}") = "Application", "Application", "{F8CB9782-3277-4452-8EB8-A59AB6ED7C26}"
EndProject
Project("{FAE04EC0-301F-11D3-BF4B-00C04F79EFBC}") = "Application", "Application\Application\Application.csproj", "{AADD4657-729E-4BD9-A8BA-8A984938322D}"
EndProject
Project("{FAE04EC0-301F-11D3-BF4B-00C04F79EFBC}") = "AspnetCore.Observability", "AspnetCore.Observability\AspnetCore.Observability.csproj", "{E3261DAF-E5AB-4CBF-9A23-5F433936A0E7}"
EndProject
Project("{FAE04EC0-301F-11D3-BF4B-00C04F79EFBC}") = "AspNetCore.Security", "AspNetCore.Security\AspNetCore.Security.csproj", "{D9603861-6A42-43D6-BEE1-D588DAC0DAC0}"
EndProject
Global
	GlobalSection(SolutionConfigurationPlatforms) = preSolution
		Debug|Any CPU = Debug|Any CPU
		Release|Any CPU = Release|Any CPU
	EndGlobalSection
	GlobalSection(ProjectConfigurationPlatforms) = postSolution
		{48FEC22B-1100-4A99-BACD-7459ACED0DF3}.Debug|Any CPU.ActiveCfg = Debug|Any CPU
		{48FEC22B-1100-4A99-BACD-7459ACED0DF3}.Debug|Any CPU.Build.0 = Debug|Any CPU
		{48FEC22B-1100-4A99-BACD-7459ACED0DF3}.Release|Any CPU.ActiveCfg = Release|Any CPU
		{48FEC22B-1100-4A99-BACD-7459ACED0DF3}.Release|Any CPU.Build.0 = Release|Any CPU
		{D27DF9E3-EC1E-49B0-B802-9EFA4F9F95FD}.Debug|Any CPU.ActiveCfg = Debug|Any CPU
		{D27DF9E3-EC1E-49B0-B802-9EFA4F9F95FD}.Debug|Any CPU.Build.0 = Debug|Any CPU
		{D27DF9E3-EC1E-49B0-B802-9EFA4F9F95FD}.Release|Any CPU.ActiveCfg = Release|Any CPU
		{D27DF9E3-EC1E-49B0-B802-9EFA4F9F95FD}.Release|Any CPU.Build.0 = Release|Any CPU
		{95C52EBF-0CE6-424F-BF9F-068F782D8C7A}.Debug|Any CPU.ActiveCfg = Debug|Any CPU
		{95C52EBF-0CE6-424F-BF9F-068F782D8C7A}.Debug|Any CPU.Build.0 = Debug|Any CPU
		{95C52EBF-0CE6-424F-BF9F-068F782D8C7A}.Release|Any CPU.ActiveCfg = Release|Any CPU
		{95C52EBF-0CE6-424F-BF9F-068F782D8C7A}.Release|Any CPU.Build.0 = Release|Any CPU
		{0CB37A34-9EC4-4F83-9E83-4857D731D0FB}.Debug|Any CPU.ActiveCfg = Debug|Any CPU
		{0CB37A34-9EC4-4F83-9E83-4857D731D0FB}.Debug|Any CPU.Build.0 = Debug|Any CPU
		{0CB37A34-9EC4-4F83-9E83-4857D731D0FB}.Release|Any CPU.ActiveCfg = Release|Any CPU
		{0CB37A34-9EC4-4F83-9E83-4857D731D0FB}.Release|Any CPU.Build.0 = Release|Any CPU
		{AADD4657-729E-4BD9-A8BA-8A984938322D}.Debug|Any CPU.ActiveCfg = Debug|Any CPU
		{AADD4657-729E-4BD9-A8BA-8A984938322D}.Debug|Any CPU.Build.0 = Debug|Any CPU
		{AADD4657-729E-4BD9-A8BA-8A984938322D}.Release|Any CPU.ActiveCfg = Release|Any CPU
		{AADD4657-729E-4BD9-A8BA-8A984938322D}.Release|Any CPU.Build.0 = Release|Any CPU
		{E3261DAF-E5AB-4CBF-9A23-5F433936A0E7}.Debug|Any CPU.ActiveCfg = Debug|Any CPU
		{E3261DAF-E5AB-4CBF-9A23-5F433936A0E7}.Debug|Any CPU.Build.0 = Debug|Any CPU
		{E3261DAF-E5AB-4CBF-9A23-5F433936A0E7}.Release|Any CPU.ActiveCfg = Release|Any CPU
		{E3261DAF-E5AB-4CBF-9A23-5F433936A0E7}.Release|Any CPU.Build.0 = Release|Any CPU
		{D9603861-6A42-43D6-BEE1-D588DAC0DAC0}.Debug|Any CPU.ActiveCfg = Debug|Any CPU
		{D9603861-6A42-43D6-BEE1-D588DAC0DAC0}.Debug|Any CPU.Build.0 = Debug|Any CPU
		{D9603861-6A42-43D6-BEE1-D588DAC0DAC0}.Release|Any CPU.ActiveCfg = Release|Any CPU
		{D9603861-6A42-43D6-BEE1-D588DAC0DAC0}.Release|Any CPU.Build.0 = Release|Any CPU
	EndGlobalSection
	GlobalSection(NestedProjects) = preSolution
		{48FEC22B-1100-4A99-BACD-7459ACED0DF3} = {5BE282EF-DF27-4282-B363-BAB7651884E9}
		{D27DF9E3-EC1E-49B0-B802-9EFA4F9F95FD} = {C77B2BAC-7F15-46B3-8EAB-DBF055A5CD42}
		{95C52EBF-0CE6-424F-BF9F-068F782D8C7A} = {90B7F472-B659-47EA-BE74-06E7E0BFC616}
		{0CB37A34-9EC4-4F83-9E83-4857D731D0FB} = {C77B2BAC-7F15-46B3-8EAB-DBF055A5CD42}
		{AADD4657-729E-4BD9-A8BA-8A984938322D} = {F8CB9782-3277-4452-8EB8-A59AB6ED7C26}
		{E3261DAF-E5AB-4CBF-9A23-5F433936A0E7} = {C77B2BAC-7F15-46B3-8EAB-DBF055A5CD42}
		{D9603861-6A42-43D6-BEE1-D588DAC0DAC0} = {C77B2BAC-7F15-46B3-8EAB-DBF055A5CD42}
	EndGlobalSection
EndGlobal
